Microsoft Visual Studio Solution File, Format Version 12.00
# Visual Studio 14
Project("{8BC9CEB8-8B4A-11D0-8D11-00A0C91BC942}") = "ALL_BUILD", "ALL_BUILD.vcxproj", "{8E45772A-4CDA-3EAA-B45F-93944FF3834C}"
	ProjectSection(ProjectDependencies) = postProject
		{CF5F34F6-90FF-3636-85F9-2CCED1CD0253} = {CF5F34F6-90FF-3636-85F9-2CCED1CD0253}
		{B325C9D9-F25A-3748-A1E5-D2F0155ED626} = {B325C9D9-F25A-3748-A1E5-D2F0155ED626}
		{9D2A03ED-8CF3-3082-9D53-8B3AD9B8D8FF} = {9D2A03ED-8CF3-3082-9D53-8B3AD9B8D8FF}
		{778356D4-E20C-39E4-97EE-5186ABBF83ED} = {778356D4-E20C-39E4-97EE-5186ABBF83ED}
		{45741D79-A851-3A8B-B192-2B86DDAADDA0} = {45741D79-A851-3A8B-B192-2B86DDAADDA0}
		{B02EF4E6-E169-31D6-8386-C9151025C53B} = {B02EF4E6-E169-31D6-8386-C9151025C53B}
		{774F8B4F-85FC-3878-AF31-108A418D9D28} = {774F8B4F-85FC-3878-AF31-108A418D9D28}
	EndProjectSection
EndProject
Project("{8BC9CEB8-8B4A-11D0-8D11-00A0C91BC942}") = "FaceAnalyser", "lib\local\FaceAnalyser\FaceAnalyser.vcxproj", "{CF5F34F6-90FF-3636-85F9-2CCED1CD0253}"
	ProjectSection(ProjectDependencies) = postProject
		{45741D79-A851-3A8B-B192-2B86DDAADDA0} = {45741D79-A851-3A8B-B192-2B86DDAADDA0}
	EndProjectSection
EndProject
Project("{8BC9CEB8-8B4A-11D0-8D11-00A0C91BC942}") = "FaceLandmarkImg", "lib\local\FaceLandmarkImg\FaceLandmarkImg.vcxproj", "{B325C9D9-F25A-3748-A1E5-D2F0155ED626}"
	ProjectSection(ProjectDependencies) = postProject
		{CF5F34F6-90FF-3636-85F9-2CCED1CD0253} = {CF5F34F6-90FF-3636-85F9-2CCED1CD0253}
		{9D2A03ED-8CF3-3082-9D53-8B3AD9B8D8FF} = {9D2A03ED-8CF3-3082-9D53-8B3AD9B8D8FF}
		{45741D79-A851-3A8B-B192-2B86DDAADDA0} = {45741D79-A851-3A8B-B192-2B86DDAADDA0}
		{B02EF4E6-E169-31D6-8386-C9151025C53B} = {B02EF4E6-E169-31D6-8386-C9151025C53B}
	EndProjectSection
EndProject
Project("{8BC9CEB8-8B4A-11D0-8D11-00A0C91BC942}") = "INSTALL", "INSTALL.vcxproj", "{4C41ABA0-8872-350D-9676-92E8E53E3C27}"
	ProjectSection(ProjectDependencies) = postProject
		{8E45772A-4CDA-3EAA-B45F-93944FF3834C} = {8E45772A-4CDA-3EAA-B45F-93944FF3834C}
		{45741D79-A851-3A8B-B192-2B86DDAADDA0} = {45741D79-A851-3A8B-B192-2B86DDAADDA0}
	EndProjectSection
EndProject
Project("{8BC9CEB8-8B4A-11D0-8D11-00A0C91BC942}") = "LandmarkDetector", "lib\local\LandmarkDetector\LandmarkDetector.vcxproj", "{9D2A03ED-8CF3-3082-9D53-8B3AD9B8D8FF}"
	ProjectSection(ProjectDependencies) = postProject
		{45741D79-A851-3A8B-B192-2B86DDAADDA0} = {45741D79-A851-3A8B-B192-2B86DDAADDA0}
	EndProjectSection
EndProject
Project("{8BC9CEB8-8B4A-11D0-8D11-00A0C91BC942}") = "PrCLR", "exe\PrCLR\PrCLR.vcxproj", "{778356D4-E20C-39E4-97EE-5186ABBF83ED}"
	ProjectSection(ProjectDependencies) = postProject
		{CF5F34F6-90FF-3636-85F9-2CCED1CD0253} = {CF5F34F6-90FF-3636-85F9-2CCED1CD0253}
		{B325C9D9-F25A-3748-A1E5-D2F0155ED626} = {B325C9D9-F25A-3748-A1E5-D2F0155ED626}
		{9D2A03ED-8CF3-3082-9D53-8B3AD9B8D8FF} = {9D2A03ED-8CF3-3082-9D53-8B3AD9B8D8FF}
		{45741D79-A851-3A8B-B192-2B86DDAADDA0} = {45741D79-A851-3A8B-B192-2B86DDAADDA0}
		{B02EF4E6-E169-31D6-8386-C9151025C53B} = {B02EF4E6-E169-31D6-8386-C9151025C53B}
	EndProjectSection
EndProject
Project("{8BC9CEB8-8B4A-11D0-8D11-00A0C91BC942}") = "ZERO_CHECK", "ZERO_CHECK.vcxproj", "{45741D79-A851-3A8B-B192-2B86DDAADDA0}"
	ProjectSection(ProjectDependencies) = postProject
	EndProjectSection
EndProject
Project("{8BC9CEB8-8B4A-11D0-8D11-00A0C91BC942}") = "dlib", "lib\3rdParty\dlib\dlib.vcxproj", "{B02EF4E6-E169-31D6-8386-C9151025C53B}"
	ProjectSection(ProjectDependencies) = postProject
		{45741D79-A851-3A8B-B192-2B86DDAADDA0} = {45741D79-A851-3A8B-B192-2B86DDAADDA0}
	EndProjectSection
EndProject
Project("{8BC9CEB8-8B4A-11D0-8D11-00A0C91BC942}") = "test2", "exe\test2\test2.vcxproj", "{774F8B4F-85FC-3878-AF31-108A418D9D28}"
	ProjectSection(ProjectDependencies) = postProject
		{CF5F34F6-90FF-3636-85F9-2CCED1CD0253} = {CF5F34F6-90FF-3636-85F9-2CCED1CD0253}
		{B325C9D9-F25A-3748-A1E5-D2F0155ED626} = {B325C9D9-F25A-3748-A1E5-D2F0155ED626}
		{9D2A03ED-8CF3-3082-9D53-8B3AD9B8D8FF} = {9D2A03ED-8CF3-3082-9D53-8B3AD9B8D8FF}
		{45741D79-A851-3A8B-B192-2B86DDAADDA0} = {45741D79-A851-3A8B-B192-2B86DDAADDA0}
		{B02EF4E6-E169-31D6-8386-C9151025C53B} = {B02EF4E6-E169-31D6-8386-C9151025C53B}
	EndProjectSection
EndProject
Global
	GlobalSection(SolutionConfigurationPlatforms) = preSolution
		Debug|x64 = Debug|x64
		Release|x64 = Release|x64
		MinSizeRel|x64 = MinSizeRel|x64
		RelWithDebInfo|x64 = RelWithDebInfo|x64
	EndGlobalSection
	GlobalSection(ProjectConfigurationPlatforms) = postSolution
		{8E45772A-4CDA-3EAA-B45F-93944FF3834C}.Debug|x64.ActiveCfg = Debug|x64
		{8E45772A-4CDA-3EAA-B45F-93944FF3834C}.Debug|x64.Build.0 = Debug|x64
		{8E45772A-4CDA-3EAA-B45F-93944FF3834C}.Release|x64.ActiveCfg = Release|x64
		{8E45772A-4CDA-3EAA-B45F-93944FF3834C}.Release|x64.Build.0 = Release|x64
		{8E45772A-4CDA-3EAA-B45F-93944FF3834C}.MinSizeRel|x64.ActiveCfg = MinSizeRel|x64
		{8E45772A-4CDA-3EAA-B45F-93944FF3834C}.MinSizeRel|x64.Build.0 = MinSizeRel|x64
		{8E45772A-4CDA-3EAA-B45F-93944FF3834C}.RelWithDebInfo|x64.ActiveCfg = RelWithDebInfo|x64
		{8E45772A-4CDA-3EAA-B45F-93944FF3834C}.RelWithDebInfo|x64.Build.0 = RelWithDebInfo|x64
		{CF5F34F6-90FF-3636-85F9-2CCED1CD0253}.Debug|x64.ActiveCfg = Debug|x64
		{CF5F34F6-90FF-3636-85F9-2CCED1CD0253}.Debug|x64.Build.0 = Debug|x64
		{CF5F34F6-90FF-3636-85F9-2CCED1CD0253}.Release|x64.ActiveCfg = Release|x64
		{CF5F34F6-90FF-3636-85F9-2CCED1CD0253}.Release|x64.Build.0 = Release|x64
		{CF5F34F6-90FF-3636-85F9-2CCED1CD0253}.MinSizeRel|x64.ActiveCfg = MinSizeRel|x64
		{CF5F34F6-90FF-3636-85F9-2CCED1CD0253}.MinSizeRel|x64.Build.0 = MinSizeRel|x64
		{CF5F34F6-90FF-3636-85F9-2CCED1CD0253}.RelWithDebInfo|x64.ActiveCfg = RelWithDebInfo|x64
		{CF5F34F6-90FF-3636-85F9-2CCED1CD0253}.RelWithDebInfo|x64.Build.0 = RelWithDebInfo|x64
		{B325C9D9-F25A-3748-A1E5-D2F0155ED626}.Debug|x64.ActiveCfg = Debug|x64
		{B325C9D9-F25A-3748-A1E5-D2F0155ED626}.Debug|x64.Build.0 = Debug|x64
		{B325C9D9-F25A-3748-A1E5-D2F0155ED626}.Release|x64.ActiveCfg = Release|x64
		{B325C9D9-F25A-3748-A1E5-D2F0155ED626}.Release|x64.Build.0 = Release|x64
		{B325C9D9-F25A-3748-A1E5-D2F0155ED626}.MinSizeRel|x64.ActiveCfg = MinSizeRel|x64
		{B325C9D9-F25A-3748-A1E5-D2F0155ED626}.MinSizeRel|x64.Build.0 = MinSizeRel|x64
		{B325C9D9-F25A-3748-A1E5-D2F0155ED626}.RelWithDebInfo|x64.ActiveCfg = RelWithDebInfo|x64
		{B325C9D9-F25A-3748-A1E5-D2F0155ED626}.RelWithDebInfo|x64.Build.0 = RelWithDebInfo|x64
		{4C41ABA0-8872-350D-9676-92E8E53E3C27}.Debug|x64.ActiveCfg = Debug|x64
		{4C41ABA0-8872-350D-9676-92E8E53E3C27}.Release|x64.ActiveCfg = Release|x64
		{4C41ABA0-8872-350D-9676-92E8E53E3C27}.MinSizeRel|x64.ActiveCfg = MinSizeRel|x64
		{4C41ABA0-8872-350D-9676-92E8E53E3C27}.RelWithDebInfo|x64.ActiveCfg = RelWithDebInfo|x64
		{9D2A03ED-8CF3-3082-9D53-8B3AD9B8D8FF}.Debug|x64.ActiveCfg = Debug|x64
		{9D2A03ED-8CF3-3082-9D53-8B3AD9B8D8FF}.Debug|x64.Build.0 = Debug|x64
		{9D2A03ED-8CF3-3082-9D53-8B3AD9B8D8FF}.Release|x64.ActiveCfg = Release|x64
		{9D2A03ED-8CF3-3082-9D53-8B3AD9B8D8FF}.Release|x64.Build.0 = Release|x64
		{9D2A03ED-8CF3-3082-9D53-8B3AD9B8D8FF}.MinSizeRel|x64.ActiveCfg = MinSizeRel|x64
		{9D2A03ED-8CF3-3082-9D53-8B3AD9B8D8FF}.MinSizeRel|x64.Build.0 = MinSizeRel|x64
		{9D2A03ED-8CF3-3082-9D53-8B3AD9B8D8FF}.RelWithDebInfo|x64.ActiveCfg = RelWithDebInfo|x64
		{9D2A03ED-8CF3-3082-9D53-8B3AD9B8D8FF}.RelWithDebInfo|x64.Build.0 = RelWithDebInfo|x64
		{778356D4-E20C-39E4-97EE-5186ABBF83ED}.Debug|x64.ActiveCfg = Debug|x64
		{778356D4-E20C-39E4-97EE-5186ABBF83ED}.Debug|x64.Build.0 = Debug|x64
		{778356D4-E20C-39E4-97EE-5186ABBF83ED}.Release|x64.ActiveCfg = Release|x64
		{778356D4-E20C-39E4-97EE-5186ABBF83ED}.Release|x64.Build.0 = Release|x64
		{778356D4-E20C-39E4-97EE-5186ABBF83ED}.MinSizeRel|x64.ActiveCfg = MinSizeRel|x64
		{778356D4-E20C-39E4-97EE-5186ABBF83ED}.MinSizeRel|x64.Build.0 = MinSizeRel|x64
		{778356D4-E20C-39E4-97EE-5186ABBF83ED}.RelWithDebInfo|x64.ActiveCfg = RelWithDebInfo|x64
		{778356D4-E20C-39E4-97EE-5186ABBF83ED}.RelWithDebInfo|x64.Build.0 = RelWithDebInfo|x64
		{45741D79-A851-3A8B-B192-2B86DDAADDA0}.Debug|x64.ActiveCfg = Debug|x64
		{45741D79-A851-3A8B-B192-2B86DDAADDA0}.Debug|x64.Build.0 = Debug|x64
		{45741D79-A851-3A8B-B192-2B86DDAADDA0}.Release|x64.ActiveCfg = Release|x64
		{45741D79-A851-3A8B-B192-2B86DDAADDA0}.Release|x64.Build.0 = Release|x64
		{45741D79-A851-3A8B-B192-2B86DDAADDA0}.MinSizeRel|x64.ActiveCfg = MinSizeRel|x64
		{45741D79-A851-3A8B-B192-2B86DDAADDA0}.MinSizeRel|x64.Build.0 = MinSizeRel|x64
		{45741D79-A851-3A8B-B192-2B86DDAADDA0}.RelWithDebInfo|x64.ActiveCfg = RelWithDebInfo|x64
		{45741D79-A851-3A8B-B192-2B86DDAADDA0}.RelWithDebInfo|x64.Build.0 = RelWithDebInfo|x64
		{B02EF4E6-E169-31D6-8386-C9151025C53B}.Debug|x64.ActiveCfg = Debug|x64
		{B02EF4E6-E169-31D6-8386-C9151025C53B}.Debug|x64.Build.0 = Debug|x64
		{B02EF4E6-E169-31D6-8386-C9151025C53B}.Release|x64.ActiveCfg = Release|x64
		{B02EF4E6-E169-31D6-8386-C9151025C53B}.Release|x64.Build.0 = Release|x64
		{B02EF4E6-E169-31D6-8386-C9151025C53B}.MinSizeRel|x64.ActiveCfg = MinSizeRel|x64
		{B02EF4E6-E169-31D6-8386-C9151025C53B}.MinSizeRel|x64.Build.0 = MinSizeRel|x64
		{B02EF4E6-E169-31D6-8386-C9151025C53B}.RelWithDebInfo|x64.ActiveCfg = RelWithDebInfo|x64
		{B02EF4E6-E169-31D6-8386-C9151025C53B}.RelWithDebInfo|x64.Build.0 = RelWithDebInfo|x64
		{774F8B4F-85FC-3878-AF31-108A418D9D28}.Debug|x64.ActiveCfg = Debug|x64
		{774F8B4F-85FC-3878-AF31-108A418D9D28}.Debug|x64.Build.0 = Debug|x64
		{774F8B4F-85FC-3878-AF31-108A418D9D28}.Release|x64.ActiveCfg = Release|x64
		{774F8B4F-85FC-3878-AF31-108A418D9D28}.Release|x64.Build.0 = Release|x64
		{774F8B4F-85FC-3878-AF31-108A418D9D28}.MinSizeRel|x64.ActiveCfg = MinSizeRel|x64
		{774F8B4F-85FC-3878-AF31-108A418D9D28}.MinSizeRel|x64.Build.0 = MinSizeRel|x64
		{774F8B4F-85FC-3878-AF31-108A418D9D28}.RelWithDebInfo|x64.ActiveCfg = RelWithDebInfo|x64
		{774F8B4F-85FC-3878-AF31-108A418D9D28}.RelWithDebInfo|x64.Build.0 = RelWithDebInfo|x64
	EndGlobalSection
	GlobalSection(ExtensibilityGlobals) = postSolution
		SolutionGuid = {9A5D077F-2C20-31A5-9D02-2A1F26D88010}
	EndGlobalSection
	GlobalSection(ExtensibilityAddIns) = postSolution
	EndGlobalSection
EndGlobal
